
Microsoft Visual Studio Solution File, Format Version 12.00
# Visual Studio Version 17
VisualStudioVersion = 17.4.33122.133
MinimumVisualStudioVersion = 10.0.40219.1
Project("{FAE04EC0-301F-11D3-BF4B-00C04F79EFBC}") = "helowold", "helowold\helowold.csproj", "{F1726799-1EE8-41D5-B137-2B5AD4C4E1FB}"
EndProject
Global
	GlobalSection(SolutionConfigurationPlatforms) = preSolution
		Debug|Any CPU = Debug|Any CPU
		Release|Any CPU = Release|Any CPU
	EndGlobalSection
	GlobalSection(ProjectConfigurationPlatforms) = postSolution
		{F1726799-1EE8-41D5-B137-2B5AD4C4E1FB}.Debug|Any CPU.ActiveCfg = Debug|Any CPU
		{F1726799-1EE8-41D5-B137-2B5AD4C4E1FB}.Debug|Any CPU.Build.0 = Debug|Any CPU
		{F1726799-1EE8-41D5-B137-2B5AD4C4E1FB}.Release|Any CPU.ActiveCfg = Release|Any CPU
		{F1726799-1EE8-41D5-B137-2B5AD4C4E1FB}.Release|Any CPU.Build.0 = Release|Any CPU
	EndGlobalSection
	GlobalSection(SolutionProperties) = preSolution
		HideSolutionNode = FALSE
	EndGlobalSection
	GlobalSection(ExtensibilityGlobals) = postSolution
		SolutionGuid = {875648C9-D8B0-4B1F-9487-56E9CEB00410}
	EndGlobalSection
EndGlobal
